{
  "version": 4,
  "terraform_version": "0.12.21",
  "serial": 217,
  "lineage": "0803e2d3-b492-efbd-65a7-a5e7294d3f03",
  "outputs": {
    "albname": {
      "value": "applicationloadbalancer-dev",
      "type": "string"
    },
    "elbname": {
      "value": "classicloadbalaner-dev",
      "type": "string"
    },
    "security_groups": {
      "value": "sg-047c3257e69c90ae4",
      "type": "string"
    }
  },
  "resources": [
    {
      "module": "module.myvpc",
      "mode": "data",
      "type": "aws_availability_zones",
      "name": "available",
      "provider": "provider.aws",
      "instances": [
        {
          "schema_version": 0,
          "attributes": {
            "all_availability_zones": null,
            "blacklisted_names": null,
            "blacklisted_zone_ids": null,
            "filter": null,
            "group_names": [
              "us-east-1"
            ],
            "id": "2020-04-26 19:55:11.2165923 +0000 UTC",
            "names": [
              "us-east-1a",
              "us-east-1b",
              "us-east-1c",
              "us-east-1d",
              "us-east-1e",
              "us-east-1f"
            ],
            "state": null,
            "zone_ids": [
              "use1-az2",
              "use1-az4",
              "use1-az6",
              "use1-az1",
              "use1-az3",
              "use1-az5"
            ]
          }
        }
      ]
    },
    {
      "module": "module.loadbalancer",
      "mode": "managed",
      "type": "aws_alb",
      "name": "main",
      "provider": "provider.aws",
      "instances": [
        {
          "schema_version": 0,
          "attributes": {
            "access_logs": [
              {
                "bucket": "",
                "enabled": false,
                "prefix": ""
              }
            ],
            "arn": "arn:aws:elasticloadbalancing:us-east-1:554075240710:loadbalancer/app/applicationloadbalancer-dev/0d8f829d3802fcbc",
            "arn_suffix": "app/applicationloadbalancer-dev/0d8f829d3802fcbc",
            "dns_name": "applicationloadbalancer-dev-687238775.us-east-1.elb.amazonaws.com",
            "drop_invalid_header_fields": false,
            "enable_cross_zone_load_balancing": null,
            "enable_deletion_protection": false,
            "enable_http2": true,
            "id": "arn:aws:elasticloadbalancing:us-east-1:554075240710:loadbalancer/app/applicationloadbalancer-dev/0d8f829d3802fcbc",
            "idle_timeout": 60,
            "internal": false,
            "ip_address_type": "ipv4",
            "load_balancer_type": "application",
            "name": "applicationloadbalancer-dev",
            "name_prefix": null,
            "security_groups": [
              "sg-047c3257e69c90ae4"
            ],
            "subnet_mapping": [
              {
                "allocation_id": "",
                "subnet_id": "subnet-09207e20f5dcc6d4d"
              },
              {
                "allocation_id": "",
                "subnet_id": "subnet-0ad5e429e0866b626"
              }
            ],
            "subnets": [
              "subnet-09207e20f5dcc6d4d",
              "subnet-0ad5e429e0866b626"
            ],
            "tags": null,
            "timeouts": null,
            "vpc_id": "vpc-065a94f89c12d5e5b",
            "zone_id": "Z35SXDOTRQ7X7K"
          },
          "private": "eyJlMmJmYjczMC1lY2FhLTExZTYtOGY4OC0zNDM2M2JjN2M0YzAiOnsiY3JlYXRlIjo2MDAwMDAwMDAwMDAsImRlbGV0ZSI6NjAwMDAwMDAwMDAwLCJ1cGRhdGUiOjYwMDAwMDAwMDAwMH19",
          "dependencies": [
            "module.myvpc.aws_security_group.main",
            "module.myvpc.aws_subnet.publicsubnet",
            "module.myvpc.aws_vpc.devvpc"
          ]
        }
      ]
    },
    {
      "module": "module.loadbalancer",
      "mode": "managed",
      "type": "aws_alb_listener",
      "name": "front_end",
      "provider": "provider.aws",
      "instances": [
        {
          "schema_version": 0,
          "attributes": {
            "arn": "arn:aws:elasticloadbalancing:us-east-1:554075240710:listener/app/applicationloadbalancer-dev/0d8f829d3802fcbc/cff10d717ddcf179",
            "certificate_arn": null,
            "default_action": [
              {
                "authenticate_cognito": [],
                "authenticate_oidc": [],
                "fixed_response": [],
                "order": 1,
                "redirect": [],
                "target_group_arn": "arn:aws:elasticloadbalancing:us-east-1:554075240710:targetgroup/applicationtargetgroup-dev/751fbb3571f19f02",
                "type": "forward"
              }
            ],
            "id": "arn:aws:elasticloadbalancing:us-east-1:554075240710:listener/app/applicationloadbalancer-dev/0d8f829d3802fcbc/cff10d717ddcf179",
            "load_balancer_arn": "arn:aws:elasticloadbalancing:us-east-1:554075240710:loadbalancer/app/applicationloadbalancer-dev/0d8f829d3802fcbc",
            "port": 80,
            "protocol": "HTTP",
            "ssl_policy": "",
            "timeouts": null
          },
          "private": "eyJlMmJmYjczMC1lY2FhLTExZTYtOGY4OC0zNDM2M2JjN2M0YzAiOnsicmVhZCI6NjAwMDAwMDAwMDAwfX0=",
          "dependencies": [
            "module.loadbalancer.aws_alb.main",
            "module.loadbalancer.aws_alb_target_group.mainapp",
            "module.myvpc.aws_security_group.main",
            "module.myvpc.aws_subnet.publicsubnet",
            "module.myvpc.aws_vpc.devvpc"
          ]
        }
      ]
    },
    {
      "module": "module.loadbalancer",
      "mode": "managed",
      "type": "aws_alb_target_group",
      "name": "mainapp",
      "provider": "provider.aws",
      "instances": [
        {
          "schema_version": 0,
          "attributes": {
            "arn": "arn:aws:elasticloadbalancing:us-east-1:554075240710:targetgroup/applicationtargetgroup-dev/751fbb3571f19f02",
            "arn_suffix": "targetgroup/applicationtargetgroup-dev/751fbb3571f19f02",
            "deregistration_delay": 300,
            "health_check": [
              {
                "enabled": true,
                "healthy_threshold": 3,
                "interval": 30,
                "matcher": "200",
                "path": "/",
                "port": "traffic-port",
                "protocol": "HTTP",
                "timeout": 3,
                "unhealthy_threshold": 2
              }
            ],
            "id": "arn:aws:elasticloadbalancing:us-east-1:554075240710:targetgroup/applicationtargetgroup-dev/751fbb3571f19f02",
            "lambda_multi_value_headers_enabled": false,
            "load_balancing_algorithm_type": "round_robin",
            "name": "applicationtargetgroup-dev",
            "name_prefix": null,
            "port": 80,
            "protocol": "HTTP",
            "proxy_protocol_v2": false,
            "slow_start": 0,
            "stickiness": [
              {
                "cookie_duration": 86400,
                "enabled": false,
                "type": "lb_cookie"
              }
            ],
            "tags": null,
            "target_type": "instance",
            "vpc_id": "vpc-065a94f89c12d5e5b"
          },
          "private": "bnVsbA==",
          "dependencies": [
            "module.myvpc.aws_vpc.devvpc"
          ]
        }
      ]
    },
    {
      "module": "module.myvpc",
      "mode": "managed",
      "type": "aws_eip",
      "name": "natgw",
      "each": "list",
      "provider": "provider.aws",
      "instances": [
        {
          "index_key": 0,
          "schema_version": 0,
          "attributes": {
            "allocation_id": null,
            "associate_with_private_ip": null,
            "association_id": "",
            "domain": "vpc",
            "id": "eipalloc-0fc537deb0fc02439",
            "instance": "",
            "network_interface": "",
            "private_dns": null,
            "private_ip": "",
            "public_dns": "ec2-34-198-238-10.compute-1.amazonaws.com",
            "public_ip": "34.198.238.10",
            "public_ipv4_pool": "amazon",
            "tags": {
              "Name ": "natgateway-dev-0"
            },
            "timeouts": null,
            "vpc": true
          },
          "private": "eyJlMmJmYjczMC1lY2FhLTExZTYtOGY4OC0zNDM2M2JjN2M0YzAiOnsiZGVsZXRlIjoxODAwMDAwMDAwMDAsInJlYWQiOjkwMDAwMDAwMDAwMCwidXBkYXRlIjozMDAwMDAwMDAwMDB9fQ==",
          "dependencies": [
            "module.myvpc.aws_internet_gateway.devgateway",
            "module.myvpc.aws_vpc.devvpc"
          ]
        },
        {
          "index_key": 1,
          "schema_version": 0,
          "attributes": {
            "allocation_id": null,
            "associate_with_private_ip": null,
            "association_id": "",
            "domain": "vpc",
            "id": "eipalloc-049b1242ccd01d376",
            "instance": "",
            "network_interface": "",
            "private_dns": null,
            "private_ip": "",
            "public_dns": "ec2-3-92-170-168.compute-1.amazonaws.com",
            "public_ip": "3.92.170.168",
            "public_ipv4_pool": "amazon",
            "tags": {
              "Name ": "natgateway-dev-1"
            },
            "timeouts": null,
            "vpc": true
          },
          "private": "eyJlMmJmYjczMC1lY2FhLTExZTYtOGY4OC0zNDM2M2JjN2M0YzAiOnsiZGVsZXRlIjoxODAwMDAwMDAwMDAsInJlYWQiOjkwMDAwMDAwMDAwMCwidXBkYXRlIjozMDAwMDAwMDAwMDB9fQ==",
          "dependencies": [
            "module.myvpc.aws_internet_gateway.devgateway",
            "module.myvpc.aws_vpc.devvpc"
          ]
        }
      ]
    },
    {
      "module": "module.loadbalancer",
      "mode": "managed",
      "type": "aws_elb",
      "name": "elbtest",
      "provider": "provider.aws",
      "instances": [
        {
          "schema_version": 0,
          "attributes": {
            "access_logs": [],
            "arn": "arn:aws:elasticloadbalancing:us-east-1:554075240710:loadbalancer/classicloadbalaner-dev",
            "availability_zones": [
              "us-east-1a",
              "us-east-1b"
            ],
            "connection_draining": true,
            "connection_draining_timeout": 400,
            "cross_zone_load_balancing": true,
            "dns_name": "classicloadbalaner-dev-1704942297.us-east-1.elb.amazonaws.com",
            "health_check": [
              {
                "healthy_threshold": 2,
                "interval": 30,
                "target": "HTTP:80/",
                "timeout": 3,
                "unhealthy_threshold": 2
              }
            ],
            "id": "classicloadbalaner-dev",
            "idle_timeout": 400,
            "instances": [],
            "internal": false,
            "listener": [
              {
                "instance_port": 80,
                "instance_protocol": "http",
                "lb_port": 80,
                "lb_protocol": "http",
                "ssl_certificate_id": ""
              }
            ],
            "name": "classicloadbalaner-dev",
            "name_prefix": null,
            "security_groups": [
              "sg-047c3257e69c90ae4"
            ],
            "source_security_group": "554075240710/main-dev",
            "source_security_group_id": "sg-047c3257e69c90ae4",
            "subnets": [
              "subnet-09207e20f5dcc6d4d",
              "subnet-0ad5e429e0866b626"
            ],
            "tags": null,
            "zone_id": "Z35SXDOTRQ7X7K"
          },
          "private": "bnVsbA==",
          "dependencies": [
            "module.myvpc.aws_security_group.main",
            "module.myvpc.aws_subnet.publicsubnet",
            "module.myvpc.aws_vpc.devvpc"
          ]
        }
      ]
    },
    {
      "module": "module.loadbalancer",
      "mode": "managed",
      "type": "aws_iam_instance_profile",
      "name": "test_profile",
      "provider": "provider.aws",
      "instances": [
        {
          "schema_version": 0,
          "attributes": {
            "arn": "arn:aws:iam::554075240710:instance-profile/s3readrole",
            "create_date": "2020-04-26T19:56:02Z",
            "id": "s3readrole",
            "name": "s3readrole",
            "name_prefix": null,
            "path": "/",
            "role": "s3_role",
            "roles": [],
            "unique_id": "AIPAYCALVHEDDMTOVZ6P6"
          },
          "private": "bnVsbA==",
          "dependencies": [
            "module.loadbalancer.aws_iam_role.s3_role"
          ]
        }
      ]
    },
    {
      "module": "module.loadbalancer",
      "mode": "managed",
      "type": "aws_iam_role",
      "name": "s3_role",
      "provider": "provider.aws",
      "instances": [
        {
          "schema_version": 0,
          "attributes": {
            "arn": "arn:aws:iam::554075240710:role/s3_role",
            "assume_role_policy": "{\"Version\":\"2012-10-17\",\"Statement\":[{\"Sid\":\"\",\"Effect\":\"Allow\",\"Principal\":{\"Service\":\"ec2.amazonaws.com\"},\"Action\":\"sts:AssumeRole\"}]}",
            "create_date": "2020-04-26T19:56:00Z",
            "description": "",
            "force_detach_policies": false,
            "id": "s3_role",
            "max_session_duration": 3600,
            "name": "s3_role",
            "name_prefix": null,
            "path": "/",
            "permissions_boundary": null,
            "tags": null,
            "unique_id": "AROAYCALVHEDMBAJEATC5"
          },
          "private": "bnVsbA=="
        }
      ]
    },
    {
      "module": "module.loadbalancer",
      "mode": "managed",
      "type": "aws_iam_role_policy",
      "name": "s3_policy",
      "provider": "provider.aws",
      "instances": [
        {
          "schema_version": 0,
          "attributes": {
            "id": "s3_role:s3_policy",
            "name": "s3_policy",
            "name_prefix": null,
            "policy": "{\r\n  \"Version\": \"2012-10-17\",\r\n  \"Statement\": [\r\n    {\r\n      \"Action\": [\r\n       \"s3:GetObject\"\r\n      ],\r\n      \"Effect\": \"Allow\",\r\n      \"Resource\": \"arn:aws:s3:::testingassignment/*\"\r\n    }\r\n  ]\r\n}\r\n",
            "role": "s3_role"
          },
          "private": "bnVsbA==",
          "dependencies": [
            "module.loadbalancer.aws_iam_role.s3_role"
          ]
        }
      ]
    },
    {
      "module": "module.myvpc",
      "mode": "managed",
      "type": "aws_internet_gateway",
      "name": "devgateway",
      "provider": "provider.aws",
      "instances": [
        {
          "schema_version": 0,
          "attributes": {
            "id": "igw-04dab6eae1681c1fc",
            "owner_id": "554075240710",
            "tags": null,
            "vpc_id": "vpc-065a94f89c12d5e5b"
          },
          "private": "bnVsbA==",
          "dependencies": [
            "module.myvpc.aws_vpc.devvpc"
          ]
        }
      ]
    },
    {
      "module": "module.myvpc",
      "mode": "managed",
      "type": "aws_nat_gateway",
      "name": "devinternal",
      "each": "list",
      "provider": "provider.aws",
      "instances": [
        {
          "index_key": 0,
          "schema_version": 0,
          "attributes": {
            "allocation_id": "eipalloc-0fc537deb0fc02439",
            "id": "nat-05d777281933f2620",
            "network_interface_id": "eni-07bca9e42f9b85203",
            "private_ip": "172.37.0.92",
            "public_ip": "34.198.238.10",
            "subnet_id": "subnet-09207e20f5dcc6d4d",
            "tags": null
          },
          "private": "bnVsbA==",
          "dependencies": [
            "module.myvpc.aws_eip.natgw",
            "module.myvpc.aws_internet_gateway.devgateway",
            "module.myvpc.aws_subnet.publicsubnet",
            "module.myvpc.aws_vpc.devvpc"
          ]
        },
        {
          "index_key": 1,
          "schema_version": 0,
          "attributes": {
            "allocation_id": "eipalloc-049b1242ccd01d376",
            "id": "nat-0e7adee78fc5d2ed0",
            "network_interface_id": "eni-02a69c800dfcfa80c",
            "private_ip": "172.37.1.153",
            "public_ip": "3.92.170.168",
            "subnet_id": "subnet-0ad5e429e0866b626",
            "tags": null
          },
          "private": "bnVsbA==",
          "dependencies": [
            "module.myvpc.aws_eip.natgw",
            "module.myvpc.aws_internet_gateway.devgateway",
            "module.myvpc.aws_subnet.publicsubnet",
            "module.myvpc.aws_vpc.devvpc"
          ]
        }
      ]
    },
    {
      "module": "module.dnsroute53",
      "mode": "managed",
      "type": "aws_route53_record",
      "name": "service",
      "provider": "provider.aws",
      "instances": [
        {
          "schema_version": 2,
          "attributes": {
            "alias": [
              {
                "evaluate_target_health": true,
                "name": "classicloadbalaner-dev-1704942297.us-east-1.elb.amazonaws.com",
                "zone_id": "Z35SXDOTRQ7X7K"
              }
            ],
            "allow_overwrite": null,
            "failover_routing_policy": [],
            "fqdn": "serviceelb-dev.testing.in",
            "geolocation_routing_policy": [],
            "health_check_id": null,
            "id": "Z05279591D6I4KE8SBNDF_serviceelb-dev_CNAME",
            "latency_routing_policy": [],
            "multivalue_answer_routing_policy": null,
            "name": "serviceelb-dev",
            "records": null,
            "set_identifier": null,
            "ttl": null,
            "type": "CNAME",
            "weighted_routing_policy": [],
            "zone_id": "Z05279591D6I4KE8SBNDF"
          },
          "private": "eyJzY2hlbWFfdmVyc2lvbiI6IjIifQ==",
          "dependencies": [
            "module.dnsroute53.aws_route53_zone.internal",
            "module.loadbalancer.aws_elb.elbtest",
            "module.myvpc.aws_security_group.main",
            "module.myvpc.aws_subnet.publicsubnet",
            "module.myvpc.aws_vpc.devvpc"
          ]
        }
      ]
    },
    {
      "module": "module.dnsroute53",
      "mode": "managed",
      "type": "aws_route53_record",
      "name": "servicealb",
      "provider": "provider.aws",
      "instances": [
        {
          "schema_version": 2,
          "attributes": {
            "alias": [
              {
                "evaluate_target_health": true,
                "name": "applicationloadbalancer-dev-687238775.us-east-1.elb.amazonaws.com",
                "zone_id": "Z35SXDOTRQ7X7K"
              }
            ],
            "allow_overwrite": null,
            "failover_routing_policy": [],
            "fqdn": "servicealb-dev.testing.in",
            "geolocation_routing_policy": [],
            "health_check_id": null,
            "id": "Z05279591D6I4KE8SBNDF_servicealb-dev_CNAME",
            "latency_routing_policy": [],
            "multivalue_answer_routing_policy": null,
            "name": "servicealb-dev",
            "records": null,
            "set_identifier": null,
            "ttl": null,
            "type": "CNAME",
            "weighted_routing_policy": [],
            "zone_id": "Z05279591D6I4KE8SBNDF"
          },
          "private": "eyJzY2hlbWFfdmVyc2lvbiI6IjIifQ==",
          "dependencies": [
            "module.dnsroute53.aws_route53_zone.internal",
            "module.loadbalancer.aws_alb.main",
            "module.myvpc.aws_security_group.main",
            "module.myvpc.aws_subnet.publicsubnet",
            "module.myvpc.aws_vpc.devvpc"
          ]
        }
      ]
    },
    {
      "module": "module.dnsroute53",
      "mode": "managed",
      "type": "aws_route53_zone",
      "name": "internal",
      "provider": "provider.aws",
      "instances": [
        {
          "schema_version": 0,
          "attributes": {
            "comment": "Managed by Terraform",
            "delegation_set_id": "",
            "force_destroy": false,
            "id": "Z05279591D6I4KE8SBNDF",
            "name": "testing.in.",
            "name_servers": [
              "ns-0.awsdns-00.com.",
              "ns-1024.awsdns-00.org.",
              "ns-1536.awsdns-00.co.uk.",
              "ns-512.awsdns-00.net."
            ],
            "tags": null,
            "vpc": [
              {
                "vpc_id": "vpc-065a94f89c12d5e5b",
                "vpc_region": "us-east-1"
              }
            ],
            "vpc_id": null,
            "vpc_region": null,
            "zone_id": "Z05279591D6I4KE8SBNDF"
          },
          "private": "bnVsbA==",
          "dependencies": [
            "module.myvpc.aws_vpc.devvpc"
          ]
        }
      ]
    },
    {
      "module": "module.myvpc",
      "mode": "managed",
      "type": "aws_route_table",
      "name": "igw_table",
      "each": "list",
      "provider": "provider.aws",
      "instances": [
        {
          "index_key": 0,
          "schema_version": 0,
          "attributes": {
            "id": "rtb-05cd4a7bbb9d1b820",
            "owner_id": "554075240710",
            "propagating_vgws": [],
            "route": [
              {
                "cidr_block": "0.0.0.0/0",
                "egress_only_gateway_id": "",
                "gateway_id": "igw-04dab6eae1681c1fc",
                "instance_id": "",
                "ipv6_cidr_block": "",
                "nat_gateway_id": "",
                "network_interface_id": "",
                "transit_gateway_id": "",
                "vpc_peering_connection_id": ""
              }
            ],
            "tags": null,
            "vpc_id": "vpc-065a94f89c12d5e5b"
          },
          "private": "bnVsbA==",
          "dependencies": [
            "module.myvpc.aws_internet_gateway.devgateway",
            "module.myvpc.aws_vpc.devvpc"
          ]
        },
        {
          "index_key": 1,
          "schema_version": 0,
          "attributes": {
            "id": "rtb-0c0db39d549534c90",
            "owner_id": "554075240710",
            "propagating_vgws": [],
            "route": [
              {
                "cidr_block": "0.0.0.0/0",
                "egress_only_gateway_id": "",
                "gateway_id": "igw-04dab6eae1681c1fc",
                "instance_id": "",
                "ipv6_cidr_block": "",
                "nat_gateway_id": "",
                "network_interface_id": "",
                "transit_gateway_id": "",
                "vpc_peering_connection_id": ""
              }
            ],
            "tags": null,
            "vpc_id": "vpc-065a94f89c12d5e5b"
          },
          "private": "bnVsbA==",
          "dependencies": [
            "module.myvpc.aws_internet_gateway.devgateway",
            "module.myvpc.aws_vpc.devvpc"
          ]
        }
      ]
    },
    {
      "module": "module.myvpc",
      "mode": "managed",
      "type": "aws_route_table",
      "name": "nat_table",
      "each": "list",
      "provider": "provider.aws",
      "instances": [
        {
          "index_key": 0,
          "schema_version": 0,
          "attributes": {
            "id": "rtb-07b08fabad8066e98",
            "owner_id": "554075240710",
            "propagating_vgws": [],
            "route": [
              {
                "cidr_block": "0.0.0.0/0",
                "egress_only_gateway_id": "",
                "gateway_id": "",
                "instance_id": "",
                "ipv6_cidr_block": "",
                "nat_gateway_id": "nat-05d777281933f2620",
                "network_interface_id": "",
                "transit_gateway_id": "",
                "vpc_peering_connection_id": ""
              }
            ],
            "tags": null,
            "vpc_id": "vpc-065a94f89c12d5e5b"
          },
          "private": "bnVsbA==",
          "dependencies": [
            "module.myvpc.aws_eip.natgw",
            "module.myvpc.aws_internet_gateway.devgateway",
            "module.myvpc.aws_nat_gateway.devinternal",
            "module.myvpc.aws_subnet.publicsubnet",
            "module.myvpc.aws_vpc.devvpc"
          ]
        },
        {
          "index_key": 1,
          "schema_version": 0,
          "attributes": {
            "id": "rtb-0e8826036a3efd680",
            "owner_id": "554075240710",
            "propagating_vgws": [],
            "route": [
              {
                "cidr_block": "0.0.0.0/0",
                "egress_only_gateway_id": "",
                "gateway_id": "",
                "instance_id": "",
                "ipv6_cidr_block": "",
                "nat_gateway_id": "nat-0e7adee78fc5d2ed0",
                "network_interface_id": "",
                "transit_gateway_id": "",
                "vpc_peering_connection_id": ""
              }
            ],
            "tags": null,
            "vpc_id": "vpc-065a94f89c12d5e5b"
          },
          "private": "bnVsbA==",
          "dependencies": [
            "module.myvpc.aws_eip.natgw",
            "module.myvpc.aws_internet_gateway.devgateway",
            "module.myvpc.aws_nat_gateway.devinternal",
            "module.myvpc.aws_subnet.publicsubnet",
            "module.myvpc.aws_vpc.devvpc"
          ]
        }
      ]
    },
    {
      "module": "module.myvpc",
      "mode": "managed",
      "type": "aws_route_table_association",
      "name": "privateroute",
      "each": "list",
      "provider": "provider.aws",
      "instances": [
        {
          "index_key": 0,
          "schema_version": 0,
          "attributes": {
            "gateway_id": null,
            "id": "rtbassoc-05a16894e509cb672",
            "route_table_id": "rtb-07b08fabad8066e98",
            "subnet_id": "subnet-016e8f9296c5e35fe"
          },
          "private": "bnVsbA==",
          "dependencies": [
            "module.myvpc.aws_eip.natgw",
            "module.myvpc.aws_internet_gateway.devgateway",
            "module.myvpc.aws_nat_gateway.devinternal",
            "module.myvpc.aws_route_table.nat_table",
            "module.myvpc.aws_subnet.privatesubnet",
            "module.myvpc.aws_subnet.publicsubnet",
            "module.myvpc.aws_vpc.devvpc"
          ]
        },
        {
          "index_key": 1,
          "schema_version": 0,
          "attributes": {
            "gateway_id": null,
            "id": "rtbassoc-0168b5f797316344e",
            "route_table_id": "rtb-0e8826036a3efd680",
            "subnet_id": "subnet-0bdb1b2dae7b5d0c1"
          },
          "private": "bnVsbA==",
          "dependencies": [
            "module.myvpc.aws_eip.natgw",
            "module.myvpc.aws_internet_gateway.devgateway",
            "module.myvpc.aws_nat_gateway.devinternal",
            "module.myvpc.aws_route_table.nat_table",
            "module.myvpc.aws_subnet.privatesubnet",
            "module.myvpc.aws_subnet.publicsubnet",
            "module.myvpc.aws_vpc.devvpc"
          ]
        }
      ]
    },
    {
      "module": "module.myvpc",
      "mode": "managed",
      "type": "aws_route_table_association",
      "name": "publicroute",
      "each": "list",
      "provider": "provider.aws",
      "instances": [
        {
          "index_key": 0,
          "schema_version": 0,
          "attributes": {
            "gateway_id": null,
            "id": "rtbassoc-0977446744ae62580",
            "route_table_id": "rtb-05cd4a7bbb9d1b820",
            "subnet_id": "subnet-09207e20f5dcc6d4d"
          },
          "private": "bnVsbA==",
          "dependencies": [
            "module.myvpc.aws_internet_gateway.devgateway",
            "module.myvpc.aws_route_table.igw_table",
            "module.myvpc.aws_subnet.publicsubnet",
            "module.myvpc.aws_vpc.devvpc"
          ]
        },
        {
          "index_key": 1,
          "schema_version": 0,
          "attributes": {
            "gateway_id": null,
            "id": "rtbassoc-0dfda42ecf8328cc8",
            "route_table_id": "rtb-0c0db39d549534c90",
            "subnet_id": "subnet-0ad5e429e0866b626"
          },
          "private": "bnVsbA==",
          "dependencies": [
            "module.myvpc.aws_internet_gateway.devgateway",
            "module.myvpc.aws_route_table.igw_table",
            "module.myvpc.aws_subnet.publicsubnet",
            "module.myvpc.aws_vpc.devvpc"
          ]
        }
      ]
    },
    {
      "module": "module.myvpc",
      "mode": "managed",
      "type": "aws_security_group",
      "name": "main",
      "provider": "provider.aws",
      "instances": [
        {
          "schema_version": 1,
          "attributes": {
            "arn": "arn:aws:ec2:us-east-1:554075240710:security-group/sg-047c3257e69c90ae4",
            "description": "Managed by Terraform",
            "egress": [
              {
                "cidr_blocks": [
                  "0.0.0.0/0"
                ],
                "description": "",
                "from_port": 0,
                "ipv6_cidr_blocks": [],
                "prefix_list_ids": [],
                "protocol": "-1",
                "security_groups": [],
                "self": false,
                "to_port": 0
              }
            ],
            "id": "sg-047c3257e69c90ae4",
            "ingress": [
              {
                "cidr_blocks": [
                  "0.0.0.0/0"
                ],
                "description": "",
                "from_port": 443,
                "ipv6_cidr_blocks": [],
                "prefix_list_ids": [],
                "protocol": "tcp",
                "security_groups": [],
                "self": false,
                "to_port": 443
              },
              {
                "cidr_blocks": [
                  "0.0.0.0/0"
                ],
                "description": "",
                "from_port": 80,
                "ipv6_cidr_blocks": [],
                "prefix_list_ids": [],
                "protocol": "tcp",
                "security_groups": [],
                "self": false,
                "to_port": 80
              }
            ],
            "name": "main-dev",
            "name_prefix": null,
            "owner_id": "554075240710",
            "revoke_rules_on_delete": false,
            "tags": null,
            "timeouts": null,
            "vpc_id": "vpc-065a94f89c12d5e5b"
          },
          "private": "eyJlMmJmYjczMC1lY2FhLTExZTYtOGY4OC0zNDM2M2JjN2M0YzAiOnsiY3JlYXRlIjo2MDAwMDAwMDAwMDAsImRlbGV0ZSI6NjAwMDAwMDAwMDAwfSwic2NoZW1hX3ZlcnNpb24iOiIxIn0=",
          "dependencies": [
            "module.myvpc.aws_vpc.devvpc"
          ]
        }
      ]
    },
    {
      "module": "module.myvpc",
      "mode": "managed",
      "type": "aws_subnet",
      "name": "privatesubnet",
      "each": "list",
      "provider": "provider.aws",
      "instances": [
        {
          "index_key": 0,
          "schema_version": 1,
          "attributes": {
            "arn": "arn:aws:ec2:us-east-1:554075240710:subnet/subnet-016e8f9296c5e35fe",
            "assign_ipv6_address_on_creation": false,
            "availability_zone": "us-east-1a",
            "availability_zone_id": "use1-az2",
            "cidr_block": "172.37.2.0/24",
            "id": "subnet-016e8f9296c5e35fe",
            "ipv6_cidr_block": "",
            "ipv6_cidr_block_association_id": "",
            "map_public_ip_on_launch": false,
            "owner_id": "554075240710",
            "tags": {
              "Name": "privatesubnet-2"
            },
            "timeouts": null,
            "vpc_id": "vpc-065a94f89c12d5e5b"
          },
          "private": "eyJlMmJmYjczMC1lY2FhLTExZTYtOGY4OC0zNDM2M2JjN2M0YzAiOnsiY3JlYXRlIjo2MDAwMDAwMDAwMDAsImRlbGV0ZSI6MTIwMDAwMDAwMDAwMH0sInNjaGVtYV92ZXJzaW9uIjoiMSJ9",
          "dependencies": [
            "module.myvpc.aws_vpc.devvpc"
          ]
        },
        {
          "index_key": 1,
          "schema_version": 1,
          "attributes": {
            "arn": "arn:aws:ec2:us-east-1:554075240710:subnet/subnet-0bdb1b2dae7b5d0c1",
            "assign_ipv6_address_on_creation": false,
            "availability_zone": "us-east-1b",
            "availability_zone_id": "use1-az4",
            "cidr_block": "172.37.3.0/24",
            "id": "subnet-0bdb1b2dae7b5d0c1",
            "ipv6_cidr_block": "",
            "ipv6_cidr_block_association_id": "",
            "map_public_ip_on_launch": false,
            "owner_id": "554075240710",
            "tags": {
              "Name": "privatesubnet-3"
            },
            "timeouts": null,
            "vpc_id": "vpc-065a94f89c12d5e5b"
          },
          "private": "eyJlMmJmYjczMC1lY2FhLTExZTYtOGY4OC0zNDM2M2JjN2M0YzAiOnsiY3JlYXRlIjo2MDAwMDAwMDAwMDAsImRlbGV0ZSI6MTIwMDAwMDAwMDAwMH0sInNjaGVtYV92ZXJzaW9uIjoiMSJ9",
          "dependencies": [
            "module.myvpc.aws_vpc.devvpc"
          ]
        }
      ]
    },
    {
      "module": "module.myvpc",
      "mode": "managed",
      "type": "aws_subnet",
      "name": "publicsubnet",
      "each": "list",
      "provider": "provider.aws",
      "instances": [
        {
          "index_key": 0,
          "schema_version": 1,
          "attributes": {
            "arn": "arn:aws:ec2:us-east-1:554075240710:subnet/subnet-09207e20f5dcc6d4d",
            "assign_ipv6_address_on_creation": false,
            "availability_zone": "us-east-1a",
            "availability_zone_id": "use1-az2",
            "cidr_block": "172.37.0.0/24",
            "id": "subnet-09207e20f5dcc6d4d",
            "ipv6_cidr_block": "",
            "ipv6_cidr_block_association_id": "",
            "map_public_ip_on_launch": true,
            "owner_id": "554075240710",
            "tags": {
              "Name": "publicsubnet-0"
            },
            "timeouts": null,
            "vpc_id": "vpc-065a94f89c12d5e5b"
          },
          "private": "eyJlMmJmYjczMC1lY2FhLTExZTYtOGY4OC0zNDM2M2JjN2M0YzAiOnsiY3JlYXRlIjo2MDAwMDAwMDAwMDAsImRlbGV0ZSI6MTIwMDAwMDAwMDAwMH0sInNjaGVtYV92ZXJzaW9uIjoiMSJ9",
          "dependencies": [
            "module.myvpc.aws_vpc.devvpc"
          ]
        },
        {
          "index_key": 1,
          "schema_version": 1,
          "attributes": {
            "arn": "arn:aws:ec2:us-east-1:554075240710:subnet/subnet-0ad5e429e0866b626",
            "assign_ipv6_address_on_creation": false,
            "availability_zone": "us-east-1b",
            "availability_zone_id": "use1-az4",
            "cidr_block": "172.37.1.0/24",
            "id": "subnet-0ad5e429e0866b626",
            "ipv6_cidr_block": "",
            "ipv6_cidr_block_association_id": "",
            "map_public_ip_on_launch": true,
            "owner_id": "554075240710",
            "tags": {
              "Name": "publicsubnet-1"
            },
            "timeouts": null,
            "vpc_id": "vpc-065a94f89c12d5e5b"
          },
          "private": "eyJlMmJmYjczMC1lY2FhLTExZTYtOGY4OC0zNDM2M2JjN2M0YzAiOnsiY3JlYXRlIjo2MDAwMDAwMDAwMDAsImRlbGV0ZSI6MTIwMDAwMDAwMDAwMH0sInNjaGVtYV92ZXJzaW9uIjoiMSJ9",
          "dependencies": [
            "module.myvpc.aws_vpc.devvpc"
          ]
        }
      ]
    },
    {
      "module": "module.myvpc",
      "mode": "managed",
      "type": "aws_vpc",
      "name": "devvpc",
      "provider": "provider.aws",
      "instances": [
        {
          "schema_version": 1,
          "attributes": {
            "arn": "arn:aws:ec2:us-east-1:554075240710:vpc/vpc-065a94f89c12d5e5b",
            "assign_generated_ipv6_cidr_block": false,
            "cidr_block": "172.37.0.0/16",
            "default_network_acl_id": "acl-037774567b50f4767",
            "default_route_table_id": "rtb-03aee9ce6f2ef8c55",
            "default_security_group_id": "sg-0d357a64632d1c4bb",
            "dhcp_options_id": "dopt-0c528f76",
            "enable_classiclink": false,
            "enable_classiclink_dns_support": false,
            "enable_dns_hostnames": true,
            "enable_dns_support": true,
            "id": "vpc-065a94f89c12d5e5b",
            "instance_tenancy": "default",
            "ipv6_association_id": "",
            "ipv6_cidr_block": "",
            "main_route_table_id": "rtb-03aee9ce6f2ef8c55",
            "owner_id": "554075240710",
            "tags": {
              "Name": "dev"
            }
          },
          "private": "eyJzY2hlbWFfdmVyc2lvbiI6IjEifQ=="
        }
      ]
    },
    {
      "mode": "managed",
      "type": "local_file",
      "name": "foo",
      "provider": "provider.local",
      "instances": [
        {
          "schema_version": 0,
          "attributes": {
            "content": "security_groups: sg-047c3257e69c90ae4\n\t elbname: classicloadbalaner-dev\n\t albname: applicationloadbalancer-dev",
            "content_base64": null,
            "directory_permission": "0777",
            "file_permission": "0777",
            "filename": "./vars/main.yml",
            "id": "3e14fe1eabb39099382bdf2d2d42a8176e01e3fb",
            "sensitive_content": null
          },
          "private": "bnVsbA==",
          "dependencies": [
            "module.loadbalancer.aws_alb.main",
            "module.loadbalancer.aws_elb.elbtest",
            "module.myvpc.aws_security_group.main",
            "module.myvpc.aws_subnet.publicsubnet",
            "module.myvpc.aws_vpc.devvpc"
          ]
        }
      ]
    }
  ]
}
